// !$*UTF8*$!
{
	archiveVersion = 1;
	classes = {
	};
	objectVersion = 51;
	objects = {

/* Begin PBXBuildFile section */
		0B1A85BF37B376132C642394 /* libPods-GoBankaUITests.a in Frameworks */ = {isa = PBXBuildFile; fileRef = 7D88272DECC9D01936B9F575 /* libPods-GoBankaUITests.a */; };
		A8B0F514AD870083EC3B5DDF /* Pods_GoBanka.framework in Frameworks */ = {isa = PBXBuildFile; fileRef = 2DF7F10F99FA90070B28E50A /* Pods_GoBanka.framework */; };
		B62C98272345E81700431AE0 /* AppDelegate.swift in Sources */ = {isa = PBXBuildFile; fileRef = B62C98262345E81700431AE0 /* AppDelegate.swift */; };
		B62C98292345E81700431AE0 /* SceneDelegate.swift in Sources */ = {isa = PBXBuildFile; fileRef = B62C98282345E81700431AE0 /* SceneDelegate.swift */; };
		B62C982B2345E81700431AE0 /* LoginViewController.swift in Sources */ = {isa = PBXBuildFile; fileRef = B62C982A2345E81700431AE0 /* LoginViewController.swift */; };
		B62C982E2345E81700431AE0 /* Main.storyboard in Resources */ = {isa = PBXBuildFile; fileRef = B62C982C2345E81700431AE0 /* Main.storyboard */; };
		B62C98302345E81800431AE0 /* Assets.xcassets in Resources */ = {isa = PBXBuildFile; fileRef = B62C982F2345E81800431AE0 /* Assets.xcassets */; };
		B62C98332345E81800431AE0 /* LaunchScreen.storyboard in Resources */ = {isa = PBXBuildFile; fileRef = B62C98312345E81800431AE0 /* LaunchScreen.storyboard */; };
		B62C983E2345E81800431AE0 /* GoBankaTests.swift in Sources */ = {isa = PBXBuildFile; fileRef = B62C983D2345E81800431AE0 /* GoBankaTests.swift */; };
		B62C98492345E81800431AE0 /* GoBankaUITests.swift in Sources */ = {isa = PBXBuildFile; fileRef = B62C98482345E81800431AE0 /* GoBankaUITests.swift */; };
		B62C98572345EEBA00431AE0 /* GoogleService-Info.plist in Resources */ = {isa = PBXBuildFile; fileRef = B62C98562345EEBA00431AE0 /* GoogleService-Info.plist */; };
		B62C98582345EEBA00431AE0 /* GoogleService-Info.plist in Resources */ = {isa = PBXBuildFile; fileRef = B62C98562345EEBA00431AE0 /* GoogleService-Info.plist */; };
		B62C98592345EEBA00431AE0 /* GoogleService-Info.plist in Resources */ = {isa = PBXBuildFile; fileRef = B62C98562345EEBA00431AE0 /* GoogleService-Info.plist */; };
		B683DCEA234643CB00BA8A02 /* UserHomeViewController.swift in Sources */ = {isa = PBXBuildFile; fileRef = B683DCE9234643CB00BA8A02 /* UserHomeViewController.swift */; };
		B683DCED234647CC00BA8A02 /* TransactionModel.swift in Sources */ = {isa = PBXBuildFile; fileRef = B683DCEC234647CC00BA8A02 /* TransactionModel.swift */; };
		B6A4EF4E234C8EE30033B21F /* AuthApiProtocol.swift in Sources */ = {isa = PBXBuildFile; fileRef = B6A4EF4D234C8EE30033B21F /* AuthApiProtocol.swift */; };
		B6C376712346093200039A51 /* RegitrationViewController.swift in Sources */ = {isa = PBXBuildFile; fileRef = B6C376702346093200039A51 /* RegitrationViewController.swift */; };
		B6C3767423460B4200039A51 /* auth_validation.swift in Sources */ = {isa = PBXBuildFile; fileRef = B6C3767323460B4200039A51 /* auth_validation.swift */; };
		B6C3767723460D3B00039A51 /* requiredFields_helper.swift in Sources */ = {isa = PBXBuildFile; fileRef = B6C3767623460D3B00039A51 /* requiredFields_helper.swift */; };
		B6C376792346105400039A51 /* customAlert_helper.swift in Sources */ = {isa = PBXBuildFile; fileRef = B6C376782346105400039A51 /* customAlert_helper.swift */; };
		B6C3767C2346122E00039A51 /* AuthModel.swift in Sources */ = {isa = PBXBuildFile; fileRef = B6C3767B2346122E00039A51 /* AuthModel.swift */; };
		B6F5EF14234C9DD5003B6E90 /* TransactionApiProtocol.swift in Sources */ = {isa = PBXBuildFile; fileRef = B6F5EF13234C9DD5003B6E90 /* TransactionApiProtocol.swift */; };
		B6F5EF16234CA358003B6E90 /* textFormatter_helper.swift in Sources */ = {isa = PBXBuildFile; fileRef = B6F5EF15234CA358003B6E90 /* textFormatter_helper.swift */; };
		B6F80B9A234CBC7900B606D5 /* transaction_validation.swift in Sources */ = {isa = PBXBuildFile; fileRef = B6F80B99234CBC7900B606D5 /* transaction_validation.swift */; };
		B6F80B9E234CD9D800B606D5 /* AuthValidationTest.swift in Sources */ = {isa = PBXBuildFile; fileRef = B6F80B9D234CD9D800B606D5 /* AuthValidationTest.swift */; };
		B6F80BA0234CDAA900B606D5 /* TransactionValidationTest.swift in Sources */ = {isa = PBXBuildFile; fileRef = B6F80B9F234CDAA900B606D5 /* TransactionValidationTest.swift */; };
		B6F80BA2234CDBBF00B606D5 /* TextFormatterTest.swift in Sources */ = {isa = PBXBuildFile; fileRef = B6F80BA1234CDBBF00B606D5 /* TextFormatterTest.swift */; };
		B6F80BA4234CDD9000B606D5 /* RequiredFieldsTest.swift in Sources */ = {isa = PBXBuildFile; fileRef = B6F80BA3234CDD9000B606D5 /* RequiredFieldsTest.swift */; };
		FC5FDF8CB402D1A1C098B6A8 /* Pods_GoBankaTests.framework in Frameworks */ = {isa = PBXBuildFile; fileRef = 30395D4FA62C8DC194E3B99A /* Pods_GoBankaTests.framework */; };
/* End PBXBuildFile section */

/* Begin PBXContainerItemProxy section */
		B62C983A2345E81800431AE0 /* PBXContainerItemProxy */ = {
			isa = PBXContainerItemProxy;
			containerPortal = B62C981B2345E81700431AE0 /* Project object */;
			proxyType = 1;
			remoteGlobalIDString = B62C98222345E81700431AE0;
			remoteInfo = GoBanka;
		};
		B62C98452345E81800431AE0 /* PBXContainerItemProxy */ = {
			isa = PBXContainerItemProxy;
			containerPortal = B62C981B2345E81700431AE0 /* Project object */;
			proxyType = 1;
			remoteGlobalIDString = B62C98222345E81700431AE0;
			remoteInfo = GoBanka;
		};
/* End PBXContainerItemProxy section */

/* Begin PBXFileReference section */
		14F400291CF3EF30F041A2F3 /* Pods-GoBanka.debug.xcconfig */ = {isa = PBXFileReference; includeInIndex = 1; lastKnownFileType = text.xcconfig; name = "Pods-GoBanka.debug.xcconfig"; path = "Target Support Files/Pods-GoBanka/Pods-GoBanka.debug.xcconfig"; sourceTree = "<group>"; };
		1750CFCC7C4B733FB0F5E5E2 /* Pods-GoBanka.release.xcconfig */ = {isa = PBXFileReference; includeInIndex = 1; lastKnownFileType = text.xcconfig; name = "Pods-GoBanka.release.xcconfig"; path = "Target Support Files/Pods-GoBanka/Pods-GoBanka.release.xcconfig"; sourceTree = "<group>"; };
		2DF7F10F99FA90070B28E50A /* Pods_GoBanka.framework */ = {isa = PBXFileReference; explicitFileType = wrapper.framework; includeInIndex = 0; path = Pods_GoBanka.framework; sourceTree = BUILT_PRODUCTS_DIR; };
		30395D4FA62C8DC194E3B99A /* Pods_GoBankaTests.framework */ = {isa = PBXFileReference; explicitFileType = wrapper.framework; includeInIndex = 0; path = Pods_GoBankaTests.framework; sourceTree = BUILT_PRODUCTS_DIR; };
		6A1423026AD78EA7BBC4AEBD /* Pods-GoBankaTests.release.xcconfig */ = {isa = PBXFileReference; includeInIndex = 1; lastKnownFileType = text.xcconfig; name = "Pods-GoBankaTests.release.xcconfig"; path = "Target Support Files/Pods-GoBankaTests/Pods-GoBankaTests.release.xcconfig"; sourceTree = "<group>"; };
		7D88272DECC9D01936B9F575 /* libPods-GoBankaUITests.a */ = {isa = PBXFileReference; explicitFileType = archive.ar; includeInIndex = 0; path = "libPods-GoBankaUITests.a"; sourceTree = BUILT_PRODUCTS_DIR; };
		ADA94FD8355808B935F4D27D /* Pods-GoBankaUITests.release.xcconfig */ = {isa = PBXFileReference; includeInIndex = 1; lastKnownFileType = text.xcconfig; name = "Pods-GoBankaUITests.release.xcconfig"; path = "Target Support Files/Pods-GoBankaUITests/Pods-GoBankaUITests.release.xcconfig"; sourceTree = "<group>"; };
		B62C98232345E81700431AE0 /* GoBanka.app */ = {isa = PBXFileReference; explicitFileType = wrapper.application; includeInIndex = 0; path = GoBanka.app; sourceTree = BUILT_PRODUCTS_DIR; };
		B62C98262345E81700431AE0 /* AppDelegate.swift */ = {isa = PBXFileReference; lastKnownFileType = sourcecode.swift; path = AppDelegate.swift; sourceTree = "<group>"; };
		B62C98282345E81700431AE0 /* SceneDelegate.swift */ = {isa = PBXFileReference; lastKnownFileType = sourcecode.swift; path = SceneDelegate.swift; sourceTree = "<group>"; };
		B62C982A2345E81700431AE0 /* LoginViewController.swift */ = {isa = PBXFileReference; lastKnownFileType = sourcecode.swift; path = LoginViewController.swift; sourceTree = "<group>"; };
		B62C982D2345E81700431AE0 /* Base */ = {isa = PBXFileReference; lastKnownFileType = file.storyboard; name = Base; path = Base.lproj/Main.storyboard; sourceTree = "<group>"; };
		B62C982F2345E81800431AE0 /* Assets.xcassets */ = {isa = PBXFileReference; lastKnownFileType = folder.assetcatalog; path = Assets.xcassets; sourceTree = "<group>"; };
		B62C98322345E81800431AE0 /* Base */ = {isa = PBXFileReference; lastKnownFileType = file.storyboard; name = Base; path = Base.lproj/LaunchScreen.storyboard; sourceTree = "<group>"; };
		B62C98342345E81800431AE0 /* Info.plist */ = {isa = PBXFileReference; lastKnownFileType = text.plist.xml; path = Info.plist; sourceTree = "<group>"; };
		B62C98392345E81800431AE0 /* GoBankaTests.xctest */ = {isa = PBXFileReference; explicitFileType = wrapper.cfbundle; includeInIndex = 0; path = GoBankaTests.xctest; sourceTree = BUILT_PRODUCTS_DIR; };
		B62C983D2345E81800431AE0 /* GoBankaTests.swift */ = {isa = PBXFileReference; lastKnownFileType = sourcecode.swift; path = GoBankaTests.swift; sourceTree = "<group>"; };
		B62C983F2345E81800431AE0 /* Info.plist */ = {isa = PBXFileReference; lastKnownFileType = text.plist.xml; path = Info.plist; sourceTree = "<group>"; };
		B62C98442345E81800431AE0 /* GoBankaUITests.xctest */ = {isa = PBXFileReference; explicitFileType = wrapper.cfbundle; includeInIndex = 0; path = GoBankaUITests.xctest; sourceTree = BUILT_PRODUCTS_DIR; };
		B62C98482345E81800431AE0 /* GoBankaUITests.swift */ = {isa = PBXFileReference; lastKnownFileType = sourcecode.swift; path = GoBankaUITests.swift; sourceTree = "<group>"; };
		B62C984A2345E81800431AE0 /* Info.plist */ = {isa = PBXFileReference; lastKnownFileType = text.plist.xml; path = Info.plist; sourceTree = "<group>"; };
		B62C98562345EEBA00431AE0 /* GoogleService-Info.plist */ = {isa = PBXFileReference; fileEncoding = 4; lastKnownFileType = text.plist.xml; path = "GoogleService-Info.plist"; sourceTree = "<group>"; };
		B683DCE9234643CB00BA8A02 /* UserHomeViewController.swift */ = {isa = PBXFileReference; fileEncoding = 4; lastKnownFileType = sourcecode.swift; path = UserHomeViewController.swift; sourceTree = "<group>"; };
		B683DCEC234647CC00BA8A02 /* TransactionModel.swift */ = {isa = PBXFileReference; lastKnownFileType = sourcecode.swift; path = TransactionModel.swift; sourceTree = "<group>"; };
		B6A4EF4D234C8EE30033B21F /* AuthApiProtocol.swift */ = {isa = PBXFileReference; lastKnownFileType = sourcecode.swift; path = AuthApiProtocol.swift; sourceTree = "<group>"; };
		B6C376702346093200039A51 /* RegitrationViewController.swift */ = {isa = PBXFileReference; lastKnownFileType = sourcecode.swift; path = RegitrationViewController.swift; sourceTree = "<group>"; };
		B6C3767323460B4200039A51 /* auth_validation.swift */ = {isa = PBXFileReference; lastKnownFileType = sourcecode.swift; path = auth_validation.swift; sourceTree = "<group>"; };
		B6C3767623460D3B00039A51 /* requiredFields_helper.swift */ = {isa = PBXFileReference; lastKnownFileType = sourcecode.swift; path = requiredFields_helper.swift; sourceTree = "<group>"; };
		B6C376782346105400039A51 /* customAlert_helper.swift */ = {isa = PBXFileReference; lastKnownFileType = sourcecode.swift; path = customAlert_helper.swift; sourceTree = "<group>"; };
		B6C3767B2346122E00039A51 /* AuthModel.swift */ = {isa = PBXFileReference; lastKnownFileType = sourcecode.swift; path = AuthModel.swift; sourceTree = "<group>"; };
		B6F5EF13234C9DD5003B6E90 /* TransactionApiProtocol.swift */ = {isa = PBXFileReference; lastKnownFileType = sourcecode.swift; path = TransactionApiProtocol.swift; sourceTree = "<group>"; };
		B6F5EF15234CA358003B6E90 /* textFormatter_helper.swift */ = {isa = PBXFileReference; lastKnownFileType = sourcecode.swift; path = textFormatter_helper.swift; sourceTree = "<group>"; };
		B6F80B99234CBC7900B606D5 /* transaction_validation.swift */ = {isa = PBXFileReference; lastKnownFileType = sourcecode.swift; path = transaction_validation.swift; sourceTree = "<group>"; };
		B6F80B9D234CD9D800B606D5 /* AuthValidationTest.swift */ = {isa = PBXFileReference; lastKnownFileType = sourcecode.swift; path = AuthValidationTest.swift; sourceTree = "<group>"; };
		B6F80B9F234CDAA900B606D5 /* TransactionValidationTest.swift */ = {isa = PBXFileReference; lastKnownFileType = sourcecode.swift; path = TransactionValidationTest.swift; sourceTree = "<group>"; };
		B6F80BA1234CDBBF00B606D5 /* TextFormatterTest.swift */ = {isa = PBXFileReference; lastKnownFileType = sourcecode.swift; path = TextFormatterTest.swift; sourceTree = "<group>"; };
		B6F80BA3234CDD9000B606D5 /* RequiredFieldsTest.swift */ = {isa = PBXFileReference; lastKnownFileType = sourcecode.swift; path = RequiredFieldsTest.swift; sourceTree = "<group>"; };
		D197EFA80C0F34B7E33BC0B3 /* Pods-GoBankaTests.debug.xcconfig */ = {isa = PBXFileReference; includeInIndex = 1; lastKnownFileType = text.xcconfig; name = "Pods-GoBankaTests.debug.xcconfig"; path = "Target Support Files/Pods-GoBankaTests/Pods-GoBankaTests.debug.xcconfig"; sourceTree = "<group>"; };
		FA4ED92E50BE0F39451A1B22 /* Pods-GoBankaUITests.debug.xcconfig */ = {isa = PBXFileReference; includeInIndex = 1; lastKnownFileType = text.xcconfig; name = "Pods-GoBankaUITests.debug.xcconfig"; path = "Target Support Files/Pods-GoBankaUITests/Pods-GoBankaUITests.debug.xcconfig"; sourceTree = "<group>"; };
/* End PBXFileReference section */

/* Begin PBXFrameworksBuildPhase section */
		B62C98202345E81700431AE0 /* Frameworks */ = {
			isa = PBXFrameworksBuildPhase;
			buildActionMask = 2147483647;
			files = (
				A8B0F514AD870083EC3B5DDF /* Pods_GoBanka.framework in Frameworks */,
			);
			runOnlyForDeploymentPostprocessing = 0;
		};
		B62C98362345E81800431AE0 /* Frameworks */ = {
			isa = PBXFrameworksBuildPhase;
			buildActionMask = 2147483647;
			files = (
				FC5FDF8CB402D1A1C098B6A8 /* Pods_GoBankaTests.framework in Frameworks */,
			);
			runOnlyForDeploymentPostprocessing = 0;
		};
		B62C98412345E81800431AE0 /* Frameworks */ = {
			isa = PBXFrameworksBuildPhase;
			buildActionMask = 2147483647;
			files = (
				0B1A85BF37B376132C642394 /* libPods-GoBankaUITests.a in Frameworks */,
			);
			runOnlyForDeploymentPostprocessing = 0;
		};
/* End PBXFrameworksBuildPhase section */

/* Begin PBXGroup section */
		38AEC4C18380A68DBAE1C3DC /* Pods */ = {
			isa = PBXGroup;
			children = (
				14F400291CF3EF30F041A2F3 /* Pods-GoBanka.debug.xcconfig */,
				1750CFCC7C4B733FB0F5E5E2 /* Pods-GoBanka.release.xcconfig */,
				D197EFA80C0F34B7E33BC0B3 /* Pods-GoBankaTests.debug.xcconfig */,
				6A1423026AD78EA7BBC4AEBD /* Pods-GoBankaTests.release.xcconfig */,
				FA4ED92E50BE0F39451A1B22 /* Pods-GoBankaUITests.debug.xcconfig */,
				ADA94FD8355808B935F4D27D /* Pods-GoBankaUITests.release.xcconfig */,
			);
			path = Pods;
			sourceTree = "<group>";
		};
		47DEC32C3074417057E4D572 /* Frameworks */ = {
			isa = PBXGroup;
			children = (
				2DF7F10F99FA90070B28E50A /* Pods_GoBanka.framework */,
				30395D4FA62C8DC194E3B99A /* Pods_GoBankaTests.framework */,
				7D88272DECC9D01936B9F575 /* libPods-GoBankaUITests.a */,
			);
			name = Frameworks;
			sourceTree = "<group>";
		};
		B62C981A2345E81700431AE0 = {
			isa = PBXGroup;
			children = (
				B62C98252345E81700431AE0 /* GoBanka */,
				B62C983C2345E81800431AE0 /* GoBankaTests */,
				B62C98472345E81800431AE0 /* GoBankaUITests */,
				B62C98242345E81700431AE0 /* Products */,
				38AEC4C18380A68DBAE1C3DC /* Pods */,
				47DEC32C3074417057E4D572 /* Frameworks */,
			);
			sourceTree = "<group>";
		};
		B62C98242345E81700431AE0 /* Products */ = {
			isa = PBXGroup;
			children = (
				B62C98232345E81700431AE0 /* GoBanka.app */,
				B62C98392345E81800431AE0 /* GoBankaTests.xctest */,
				B62C98442345E81800431AE0 /* GoBankaUITests.xctest */,
			);
			name = Products;
			sourceTree = "<group>";
		};
		B62C98252345E81700431AE0 /* GoBanka */ = {
			isa = PBXGroup;
			children = (
				B62C98262345E81700431AE0 /* AppDelegate.swift */,
				B62C98282345E81700431AE0 /* SceneDelegate.swift */,
				B6C3767D2346164100039A51 /* controllers */,
				B6C3767A2346121700039A51 /* models */,
				B6C3767523460D0D00039A51 /* helpers */,
				B6C3767223460B3400039A51 /* validations */,
				B62C982C2345E81700431AE0 /* Main.storyboard */,
				B62C982F2345E81800431AE0 /* Assets.xcassets */,
				B62C98312345E81800431AE0 /* LaunchScreen.storyboard */,
				B62C98562345EEBA00431AE0 /* GoogleService-Info.plist */,
				B62C98342345E81800431AE0 /* Info.plist */,
			);
			path = GoBanka;
			sourceTree = "<group>";
		};
		B62C983C2345E81800431AE0 /* GoBankaTests */ = {
			isa = PBXGroup;
			children = (
				B62C983D2345E81800431AE0 /* GoBankaTests.swift */,
				B6F80BA3234CDD9000B606D5 /* RequiredFieldsTest.swift */,
				B62C983F2345E81800431AE0 /* Info.plist */,
				B6F80B9D234CD9D800B606D5 /* AuthValidationTest.swift */,
				B6F80B9F234CDAA900B606D5 /* TransactionValidationTest.swift */,
				B6F80BA1234CDBBF00B606D5 /* TextFormatterTest.swift */,
			);
			path = GoBankaTests;
			sourceTree = "<group>";
		};
		B62C98472345E81800431AE0 /* GoBankaUITests */ = {
			isa = PBXGroup;
			children = (
				B62C98482345E81800431AE0 /* GoBankaUITests.swift */,
				B62C984A2345E81800431AE0 /* Info.plist */,
			);
			path = GoBankaUITests;
			sourceTree = "<group>";
		};
		B6C3767223460B3400039A51 /* validations */ = {
			isa = PBXGroup;
			children = (
				B6C3767323460B4200039A51 /* auth_validation.swift */,
				B6F80B99234CBC7900B606D5 /* transaction_validation.swift */,
			);
			path = validations;
			sourceTree = "<group>";
		};
		B6C3767523460D0D00039A51 /* helpers */ = {
			isa = PBXGroup;
			children = (
				B6C3767623460D3B00039A51 /* requiredFields_helper.swift */,
				B6C376782346105400039A51 /* customAlert_helper.swift */,
				B6F5EF15234CA358003B6E90 /* textFormatter_helper.swift */,
			);
			path = helpers;
			sourceTree = "<group>";
		};
		B6C3767A2346121700039A51 /* models */ = {
			isa = PBXGroup;
			children = (
				B6C3767B2346122E00039A51 /* AuthModel.swift */,
				B683DCEC234647CC00BA8A02 /* TransactionModel.swift */,
				B6F5EF13234C9DD5003B6E90 /* TransactionApiProtocol.swift */,
				B6A4EF4D234C8EE30033B21F /* AuthApiProtocol.swift */,
			);
			path = models;
			sourceTree = "<group>";
		};
		B6C3767D2346164100039A51 /* controllers */ = {
			isa = PBXGroup;
			children = (
				B62C982A2345E81700431AE0 /* LoginViewController.swift */,
				B683DCE9234643CB00BA8A02 /* UserHomeViewController.swift */,
				B6C376702346093200039A51 /* RegitrationViewController.swift */,
			);
			path = controllers;
			sourceTree = "<group>";
		};
/* End PBXGroup section */

/* Begin PBXNativeTarget section */
		B62C98222345E81700431AE0 /* GoBanka */ = {
			isa = PBXNativeTarget;
			buildConfigurationList = B62C984D2345E81800431AE0 /* Build configuration list for PBXNativeTarget "GoBanka" */;
			buildPhases = (
				9E3E9081EE57D6B2AA5F50EC /* [CP] Check Pods Manifest.lock */,
				B62C981F2345E81700431AE0 /* Sources */,
				B62C98202345E81700431AE0 /* Frameworks */,
				B62C98212345E81700431AE0 /* Resources */,
				5C2729EE5CEFB356E6A8086A /* [CP] Embed Pods Frameworks */,
			);
			buildRules = (
			);
			dependencies = (
			);
			name = GoBanka;
			productName = GoBanka;
			productReference = B62C98232345E81700431AE0 /* GoBanka.app */;
			productType = "com.apple.product-type.application";
		};
		B62C98382345E81800431AE0 /* GoBankaTests */ = {
			isa = PBXNativeTarget;
			buildConfigurationList = B62C98502345E81800431AE0 /* Build configuration list for PBXNativeTarget "GoBankaTests" */;
			buildPhases = (
				141965F78663BC82449C9E3A /* [CP] Check Pods Manifest.lock */,
				B62C98352345E81800431AE0 /* Sources */,
				B62C98362345E81800431AE0 /* Frameworks */,
				B62C98372345E81800431AE0 /* Resources */,
			);
			buildRules = (
			);
			dependencies = (
				B62C983B2345E81800431AE0 /* PBXTargetDependency */,
			);
			name = GoBankaTests;
			productName = GoBankaTests;
			productReference = B62C98392345E81800431AE0 /* GoBankaTests.xctest */;
			productType = "com.apple.product-type.bundle.unit-test";
		};
		B62C98432345E81800431AE0 /* GoBankaUITests */ = {
			isa = PBXNativeTarget;
			buildConfigurationList = B62C98532345E81800431AE0 /* Build configuration list for PBXNativeTarget "GoBankaUITests" */;
			buildPhases = (
				D0D8B4A5300D8BC34FBCCC48 /* [CP] Check Pods Manifest.lock */,
				B62C98402345E81800431AE0 /* Sources */,
				B62C98412345E81800431AE0 /* Frameworks */,
				B62C98422345E81800431AE0 /* Resources */,
			);
			buildRules = (
			);
			dependencies = (
				B62C98462345E81800431AE0 /* PBXTargetDependency */,
			);
			name = GoBankaUITests;
			productName = GoBankaUITests;
			productReference = B62C98442345E81800431AE0 /* GoBankaUITests.xctest */;
			productType = "com.apple.product-type.bundle.ui-testing";
		};
/* End PBXNativeTarget section */

/* Begin PBXProject section */
		B62C981B2345E81700431AE0 /* Project object */ = {
			isa = PBXProject;
			attributes = {
				LastSwiftUpdateCheck = 1100;
				LastUpgradeCheck = 1100;
				ORGANIZATIONNAME = "Itunu Adekoyaaa";
				TargetAttributes = {
					B62C98222345E81700431AE0 = {
						CreatedOnToolsVersion = 11.0;
					};
					B62C98382345E81800431AE0 = {
						CreatedOnToolsVersion = 11.0;
						TestTargetID = B62C98222345E81700431AE0;
					};
					B62C98432345E81800431AE0 = {
						CreatedOnToolsVersion = 11.0;
						TestTargetID = B62C98222345E81700431AE0;
					};
				};
			};
			buildConfigurationList = B62C981E2345E81700431AE0 /* Build configuration list for PBXProject "GoBanka" */;
			compatibilityVersion = "Xcode 9.3";
			developmentRegion = en;
			hasScannedForEncodings = 0;
			knownRegions = (
				en,
				Base,
			);
			mainGroup = B62C981A2345E81700431AE0;
			productRefGroup = B62C98242345E81700431AE0 /* Products */;
			projectDirPath = "";
			projectRoot = "";
			targets = (
				B62C98222345E81700431AE0 /* GoBanka */,
				B62C98382345E81800431AE0 /* GoBankaTests */,
				B62C98432345E81800431AE0 /* GoBankaUITests */,
			);
		};
/* End PBXProject section */

/* Begin PBXResourcesBuildPhase section */
		B62C98212345E81700431AE0 /* Resources */ = {
			isa = PBXResourcesBuildPhase;
			buildActionMask = 2147483647;
			files = (
				B62C98332345E81800431AE0 /* LaunchScreen.storyboard in Resources */,
				B62C98572345EEBA00431AE0 /* GoogleService-Info.plist in Resources */,
				B62C98302345E81800431AE0 /* Assets.xcassets in Resources */,
				B62C982E2345E81700431AE0 /* Main.storyboard in Resources */,
			);
			runOnlyForDeploymentPostprocessing = 0;
		};
		B62C98372345E81800431AE0 /* Resources */ = {
			isa = PBXResourcesBuildPhase;
			buildActionMask = 2147483647;
			files = (
				B62C98582345EEBA00431AE0 /* GoogleService-Info.plist in Resources */,
			);
			runOnlyForDeploymentPostprocessing = 0;
		};
		B62C98422345E81800431AE0 /* Resources */ = {
			isa = PBXResourcesBuildPhase;
			buildActionMask = 2147483647;
			files = (
				B62C98592345EEBA00431AE0 /* GoogleService-Info.plist in Resources */,
			);
			runOnlyForDeploymentPostprocessing = 0;
		};
/* End PBXResourcesBuildPhase section */

/* Begin PBXShellScriptBuildPhase section */
		141965F78663BC82449C9E3A /* [CP] Check Pods Manifest.lock */ = {
			isa = PBXShellScriptBuildPhase;
			buildActionMask = 2147483647;
			files = (
			);
			inputFileListPaths = (
			);
			inputPaths = (
				"${PODS_PODFILE_DIR_PATH}/Podfile.lock",
				"${PODS_ROOT}/Manifest.lock",
			);
			name = "[CP] Check Pods Manifest.lock";
			outputFileListPaths = (
			);
			outputPaths = (
				"$(DERIVED_FILE_DIR)/Pods-GoBankaTests-checkManifestLockResult.txt",
			);
			runOnlyForDeploymentPostprocessing = 0;
			shellPath = /bin/sh;
			shellScript = "diff \"${PODS_PODFILE_DIR_PATH}/Podfile.lock\" \"${PODS_ROOT}/Manifest.lock\" > /dev/null\nif [ $? != 0 ] ; then\n    # print error to STDERR\n    echo \"error: The sandbox is not in sync with the Podfile.lock. Run 'pod install' or update your CocoaPods installation.\" >&2\n    exit 1\nfi\n# This output is used by Xcode 'outputs' to avoid re-running this script phase.\necho \"SUCCESS\" > \"${SCRIPT_OUTPUT_FILE_0}\"\n";
			showEnvVarsInLog = 0;
		};
		5C2729EE5CEFB356E6A8086A /* [CP] Embed Pods Frameworks */ = {
			isa = PBXShellScriptBuildPhase;
			buildActionMask = 2147483647;
			files = (
			);
			inputFileListPaths = (
				"${PODS_ROOT}/Target Support Files/Pods-GoBanka/Pods-GoBanka-frameworks-${CONFIGURATION}-input-files.xcfilelist",
			);
			name = "[CP] Embed Pods Frameworks";
			outputFileListPaths = (
				"${PODS_ROOT}/Target Support Files/Pods-GoBanka/Pods-GoBanka-frameworks-${CONFIGURATION}-output-files.xcfilelist",
			);
			runOnlyForDeploymentPostprocessing = 0;
			shellPath = /bin/sh;
			shellScript = "\"${PODS_ROOT}/Target Support Files/Pods-GoBanka/Pods-GoBanka-frameworks.sh\"\n";
			showEnvVarsInLog = 0;
		};
		9E3E9081EE57D6B2AA5F50EC /* [CP] Check Pods Manifest.lock */ = {
			isa = PBXShellScriptBuildPhase;
			buildActionMask = 2147483647;
			files = (
			);
			inputFileListPaths = (
			);
			inputPaths = (
				"${PODS_PODFILE_DIR_PATH}/Podfile.lock",
				"${PODS_ROOT}/Manifest.lock",
			);
			name = "[CP] Check Pods Manifest.lock";
			outputFileListPaths = (
			);
			outputPaths = (
				"$(DERIVED_FILE_DIR)/Pods-GoBanka-checkManifestLockResult.txt",
			);
			runOnlyForDeploymentPostprocessing = 0;
			shellPath = /bin/sh;
			shellScript = "diff \"${PODS_PODFILE_DIR_PATH}/Podfile.lock\" \"${PODS_ROOT}/Manifest.lock\" > /dev/null\nif [ $? != 0 ] ; then\n    # print error to STDERR\n    echo \"error: The sandbox is not in sync with the Podfile.lock. Run 'pod install' or update your CocoaPods installation.\" >&2\n    exit 1\nfi\n# This output is used by Xcode 'outputs' to avoid re-running this script phase.\necho \"SUCCESS\" > \"${SCRIPT_OUTPUT_FILE_0}\"\n";
			showEnvVarsInLog = 0;
		};
		D0D8B4A5300D8BC34FBCCC48 /* [CP] Check Pods Manifest.lock */ = {
			isa = PBXShellScriptBuildPhase;
			buildActionMask = 2147483647;
			files = (
			);
			inputFileListPaths = (
			);
			inputPaths = (
				"${PODS_PODFILE_DIR_PATH}/Podfile.lock",
				"${PODS_ROOT}/Manifest.lock",
			);
			name = "[CP] Check Pods Manifest.lock";
			outputFileListPaths = (
			);
			outputPaths = (
				"$(DERIVED_FILE_DIR)/Pods-GoBankaUITests-checkManifestLockResult.txt",
			);
			runOnlyForDeploymentPostprocessing = 0;
			shellPath = /bin/sh;
			shellScript = "diff \"${PODS_PODFILE_DIR_PATH}/Podfile.lock\" \"${PODS_ROOT}/Manifest.lock\" > /dev/null\nif [ $? != 0 ] ; then\n    # print error to STDERR\n    echo \"error: The sandbox is not in sync with the Podfile.lock. Run 'pod install' or update your CocoaPods installation.\" >&2\n    exit 1\nfi\n# This output is used by Xcode 'outputs' to avoid re-running this script phase.\necho \"SUCCESS\" > \"${SCRIPT_OUTPUT_FILE_0}\"\n";
			showEnvVarsInLog = 0;
		};
/* End PBXShellScriptBuildPhase section */

/* Begin PBXSourcesBuildPhase section */
		B62C981F2345E81700431AE0 /* Sources */ = {
			isa = PBXSourcesBuildPhase;
			buildActionMask = 2147483647;
			files = (
				B6C376792346105400039A51 /* customAlert_helper.swift in Sources */,
				B6F5EF14234C9DD5003B6E90 /* TransactionApiProtocol.swift in Sources */,
				B6C3767423460B4200039A51 /* auth_validation.swift in Sources */,
				B62C982B2345E81700431AE0 /* LoginViewController.swift in Sources */,
				B6C376712346093200039A51 /* RegitrationViewController.swift in Sources */,
				B6F5EF16234CA358003B6E90 /* textFormatter_helper.swift in Sources */,
				B6C3767723460D3B00039A51 /* requiredFields_helper.swift in Sources */,
				B62C98272345E81700431AE0 /* AppDelegate.swift in Sources */,
				B683DCED234647CC00BA8A02 /* TransactionModel.swift in Sources */,
				B683DCEA234643CB00BA8A02 /* UserHomeViewController.swift in Sources */,
				B62C98292345E81700431AE0 /* SceneDelegate.swift in Sources */,
				B6F80B9A234CBC7900B606D5 /* transaction_validation.swift in Sources */,
				B6A4EF4E234C8EE30033B21F /* AuthApiProtocol.swift in Sources */,
				B6C3767C2346122E00039A51 /* AuthModel.swift in Sources */,
			);
			runOnlyForDeploymentPostprocessing = 0;
		};
		B62C98352345E81800431AE0 /* Sources */ = {
			isa = PBXSourcesBuildPhase;
			buildActionMask = 2147483647;
			files = (
				B6F80B9E234CD9D800B606D5 /* AuthValidationTest.swift in Sources */,
				B6F80BA0234CDAA900B606D5 /* TransactionValidationTest.swift in Sources */,
				B62C983E2345E81800431AE0 /* GoBankaTests.swift in Sources */,
				B6F80BA2234CDBBF00B606D5 /* TextFormatterTest.swift in Sources */,
				B6F80BA4234CDD9000B606D5 /* RequiredFieldsTest.swift in Sources */,
			);
			runOnlyForDeploymentPostprocessing = 0;
		};
		B62C98402345E81800431AE0 /* Sources */ = {
			isa = PBXSourcesBuildPhase;
			buildActionMask = 2147483647;
			files = (
				B62C98492345E81800431AE0 /* GoBankaUITests.swift in Sources */,
			);
			runOnlyForDeploymentPostprocessing = 0;
		};
/* End PBXSourcesBuildPhase section */

/* Begin PBXTargetDependency section */
		B62C983B2345E81800431AE0 /* PBXTargetDependency */ = {
			isa = PBXTargetDependency;
			target = B62C98222345E81700431AE0 /* GoBanka */;
			targetProxy = B62C983A2345E81800431AE0 /* PBXContainerItemProxy */;
		};
		B62C98462345E81800431AE0 /* PBXTargetDependency */ = {
			isa = PBXTargetDependency;
			target = B62C98222345E81700431AE0 /* GoBanka */;
			targetProxy = B62C98452345E81800431AE0 /* PBXContainerItemProxy */;
		};
/* End PBXTargetDependency section */

/* Begin PBXVariantGroup section */
		B62C982C2345E81700431AE0 /* Main.storyboard */ = {
			isa = PBXVariantGroup;
			children = (
				B62C982D2345E81700431AE0 /* Base */,
			);
			name = Main.storyboard;
			sourceTree = "<group>";
		};
		B62C98312345E81800431AE0 /* LaunchScreen.storyboard */ = {
			isa = PBXVariantGroup;
			children = (
				B62C98322345E81800431AE0 /* Base */,
			);
			name = LaunchScreen.storyboard;
			sourceTree = "<group>";
		};
/* End PBXVariantGroup section */

/* Begin XCBuildConfiguration section */
		B62C984B2345E81800431AE0 /* Debug */ = {
			isa = XCBuildConfiguration;
			buildSettings = {
				ALWAYS_SEARCH_USER_PATHS = NO;
				CLANG_ANALYZER_NONNULL = YES;
				CLANG_ANALYZER_NUMBER_OBJECT_CONVERSION = YES_AGGRESSIVE;
				CLANG_CXX_LANGUAGE_STANDARD = "gnu++14";
				CLANG_CXX_LIBRARY = "libc++";
				CLANG_ENABLE_MODULES = YES;
				CLANG_ENABLE_OBJC_ARC = YES;
				CLANG_ENABLE_OBJC_WEAK = YES;
				CLANG_WARN_BLOCK_CAPTURE_AUTORELEASING = YES;
				CLANG_WARN_BOOL_CONVERSION = YES;
				CLANG_WARN_COMMA = YES;
				CLANG_WARN_CONSTANT_CONVERSION = YES;
				CLANG_WARN_DEPRECATED_OBJC_IMPLEMENTATIONS = YES;
				CLANG_WARN_DIRECT_OBJC_ISA_USAGE = YES_ERROR;
				CLANG_WARN_DOCUMENTATION_COMMENTS = YES;
				CLANG_WARN_EMPTY_BODY = YES;
				CLANG_WARN_ENUM_CONVERSION = YES;
				CLANG_WARN_INFINITE_RECURSION = YES;
				CLANG_WARN_INT_CONVERSION = YES;
				CLANG_WARN_NON_LITERAL_NULL_CONVERSION = YES;
				CLANG_WARN_OBJC_IMPLICIT_RETAIN_SELF = YES;
				CLANG_WARN_OBJC_LITERAL_CONVERSION = YES;
				CLANG_WARN_OBJC_ROOT_CLASS = YES_ERROR;
				CLANG_WARN_RANGE_LOOP_ANALYSIS = YES;
				CLANG_WARN_STRICT_PROTOTYPES = YES;
				CLANG_WARN_SUSPICIOUS_MOVE = YES;
				CLANG_WARN_UNGUARDED_AVAILABILITY = YES_AGGRESSIVE;
				CLANG_WARN_UNREACHABLE_CODE = YES;
				CLANG_WARN__DUPLICATE_METHOD_MATCH = YES;
				COPY_PHASE_STRIP = NO;
				DEBUG_INFORMATION_FORMAT = dwarf;
				ENABLE_STRICT_OBJC_MSGSEND = YES;
				ENABLE_TESTABILITY = YES;
				GCC_C_LANGUAGE_STANDARD = gnu11;
				GCC_DYNAMIC_NO_PIC = NO;
				GCC_NO_COMMON_BLOCKS = YES;
				GCC_OPTIMIZATION_LEVEL = 0;
				GCC_PREPROCESSOR_DEFINITIONS = (
					"DEBUG=1",
					"$(inherited)",
				);
				GCC_WARN_64_TO_32_BIT_CONVERSION = YES;
				GCC_WARN_ABOUT_RETURN_TYPE = YES_ERROR;
				GCC_WARN_UNDECLARED_SELECTOR = YES;
				GCC_WARN_UNINITIALIZED_AUTOS = YES_AGGRESSIVE;
				GCC_WARN_UNUSED_FUNCTION = YES;
				GCC_WARN_UNUSED_VARIABLE = YES;
				IPHONEOS_DEPLOYMENT_TARGET = 13.0;
				MTL_ENABLE_DEBUG_INFO = INCLUDE_SOURCE;
				MTL_FAST_MATH = YES;
				ONLY_ACTIVE_ARCH = YES;
				SDKROOT = iphoneos;
				SWIFT_ACTIVE_COMPILATION_CONDITIONS = DEBUG;
				SWIFT_OPTIMIZATION_LEVEL = "-Onone";
			};
			name = Debug;
		};
		B62C984C2345E81800431AE0 /* Release */ = {
			isa = XCBuildConfiguration;
			buildSettings = {
				ALWAYS_SEARCH_USER_PATHS = NO;
				CLANG_ANALYZER_NONNULL = YES;
				CLANG_ANALYZER_NUMBER_OBJECT_CONVERSION = YES_AGGRESSIVE;
				CLANG_CXX_LANGUAGE_STANDARD = "gnu++14";
				CLANG_CXX_LIBRARY = "libc++";
				CLANG_ENABLE_MODULES = YES;
				CLANG_ENABLE_OBJC_ARC = YES;
				CLANG_ENABLE_OBJC_WEAK = YES;
				CLANG_WARN_BLOCK_CAPTURE_AUTORELEASING = YES;
				CLANG_WARN_BOOL_CONVERSION = YES;
				CLANG_WARN_COMMA = YES;
				CLANG_WARN_CONSTANT_CONVERSION = YES;
				CLANG_WARN_DEPRECATED_OBJC_IMPLEMENTATIONS = YES;
				CLANG_WARN_DIRECT_OBJC_ISA_USAGE = YES_ERROR;
				CLANG_WARN_DOCUMENTATION_COMMENTS = YES;
				CLANG_WARN_EMPTY_BODY = YES;
				CLANG_WARN_ENUM_CONVERSION = YES;
				CLANG_WARN_INFINITE_RECURSION = YES;
				CLANG_WARN_INT_CONVERSION = YES;
				CLANG_WARN_NON_LITERAL_NULL_CONVERSION = YES;
				CLANG_WARN_OBJC_IMPLICIT_RETAIN_SELF = YES;
				CLANG_WARN_OBJC_LITERAL_CONVERSION = YES;
				CLANG_WARN_OBJC_ROOT_CLASS = YES_ERROR;
				CLANG_WARN_RANGE_LOOP_ANALYSIS = YES;
				CLANG_WARN_STRICT_PROTOTYPES = YES;
				CLANG_WARN_SUSPICIOUS_MOVE = YES;
				CLANG_WARN_UNGUARDED_AVAILABILITY = YES_AGGRESSIVE;
				CLANG_WARN_UNREACHABLE_CODE = YES;
				CLANG_WARN__DUPLICATE_METHOD_MATCH = YES;
				COPY_PHASE_STRIP = NO;
				DEBUG_INFORMATION_FORMAT = "dwarf-with-dsym";
				ENABLE_NS_ASSERTIONS = NO;
				ENABLE_STRICT_OBJC_MSGSEND = YES;
				GCC_C_LANGUAGE_STANDARD = gnu11;
				GCC_NO_COMMON_BLOCKS = YES;
				GCC_WARN_64_TO_32_BIT_CONVERSION = YES;
				GCC_WARN_ABOUT_RETURN_TYPE = YES_ERROR;
				GCC_WARN_UNDECLARED_SELECTOR = YES;
				GCC_WARN_UNINITIALIZED_AUTOS = YES_AGGRESSIVE;
				GCC_WARN_UNUSED_FUNCTION = YES;
				GCC_WARN_UNUSED_VARIABLE = YES;
				IPHONEOS_DEPLOYMENT_TARGET = 13.0;
				MTL_ENABLE_DEBUG_INFO = NO;
				MTL_FAST_MATH = YES;
				SDKROOT = iphoneos;
				SWIFT_COMPILATION_MODE = wholemodule;
				SWIFT_OPTIMIZATION_LEVEL = "-O";
				VALIDATE_PRODUCT = YES;
			};
			name = Release;
		};
		B62C984E2345E81800431AE0 /* Debug */ = {
			isa = XCBuildConfiguration;
			baseConfigurationReference = 14F400291CF3EF30F041A2F3 /* Pods-GoBanka.debug.xcconfig */;
			buildSettings = {
				ASSETCATALOG_COMPILER_APPICON_NAME = AppIcon;
				CODE_SIGN_IDENTITY = "iPhone Developer";
				CODE_SIGN_STYLE = Manual;
				CURRENT_PROJECT_VERSION = 7;
				DEVELOPMENT_TEAM = RT459C64W3;
				INFOPLIST_FILE = GoBanka/Info.plist;
				LD_RUNPATH_SEARCH_PATHS = (
					"$(inherited)",
					"@executable_path/Frameworks",
				);
				PRODUCT_BUNDLE_IDENTIFIER = macco.GoBanka;
				PRODUCT_NAME = "$(TARGET_NAME)";
				PROVISIONING_PROFILE_SPECIFIER = "match Development macco.GoBanka";
				SWIFT_VERSION = 5.0;
				TARGETED_DEVICE_FAMILY = "1,2";
				VERSIONING_SYSTEM = "apple-generic";
			};
			name = Debug;
		};
		B62C984F2345E81800431AE0 /* Release */ = {
			isa = XCBuildConfiguration;
			baseConfigurationReference = 1750CFCC7C4B733FB0F5E5E2 /* Pods-GoBanka.release.xcconfig */;
			buildSettings = {
				ASSETCATALOG_COMPILER_APPICON_NAME = AppIcon;
				CODE_SIGN_IDENTITY = "iPhone Developer";
				CODE_SIGN_STYLE = Manual;
				CURRENT_PROJECT_VERSION = 7;
				DEVELOPMENT_TEAM = RT459C64W3;
				INFOPLIST_FILE = GoBanka/Info.plist;
				LD_RUNPATH_SEARCH_PATHS = (
					"$(inherited)",
					"@executable_path/Frameworks",
				);
				PRODUCT_BUNDLE_IDENTIFIER = macco.GoBanka;
				PRODUCT_NAME = "$(TARGET_NAME)";
				PROVISIONING_PROFILE_SPECIFIER = "match Development macco.GoBanka";
				SWIFT_VERSION = 5.0;
				TARGETED_DEVICE_FAMILY = "1,2";
				VERSIONING_SYSTEM = "apple-generic";
			};
			name = Release;
		};
		B62C98512345E81800431AE0 /* Debug */ = {
			isa = XCBuildConfiguration;
			baseConfigurationReference = D197EFA80C0F34B7E33BC0B3 /* Pods-GoBankaTests.debug.xcconfig */;
			buildSettings = {
				ALWAYS_EMBED_SWIFT_STANDARD_LIBRARIES = YES;
				BUNDLE_LOADER = "$(TEST_HOST)";
				CODE_SIGN_STYLE = Automatic;
				INFOPLIST_FILE = GoBankaTests/Info.plist;
				LD_RUNPATH_SEARCH_PATHS = (
					"$(inherited)",
					"@executable_path/Frameworks",
					"@loader_path/Frameworks",
				);
				PRODUCT_BUNDLE_IDENTIFIER = macco.GoBankaTests;
				PRODUCT_NAME = "$(TARGET_NAME)";
				SWIFT_VERSION = 5.0;
				TARGETED_DEVICE_FAMILY = "1,2";
				TEST_HOST = "$(BUILT_PRODUCTS_DIR)/GoBanka.app/GoBanka";
			};
			name = Debug;
		};
		B62C98522345E81800431AE0 /* Release */ = {
			isa = XCBuildConfiguration;
			baseConfigurationReference = 6A1423026AD78EA7BBC4AEBD /* Pods-GoBankaTests.release.xcconfig */;
			buildSettings = {
				ALWAYS_EMBED_SWIFT_STANDARD_LIBRARIES = YES;
				BUNDLE_LOADER = "$(TEST_HOST)";
				CODE_SIGN_STYLE = Automatic;
				INFOPLIST_FILE = GoBankaTests/Info.plist;
				LD_RUNPATH_SEARCH_PATHS = (
					"$(inherited)",
					"@executable_path/Frameworks",
					"@loader_path/Frameworks",
				);
				PRODUCT_BUNDLE_IDENTIFIER = macco.GoBankaTests;
				PRODUCT_NAME = "$(TARGET_NAME)";
				SWIFT_VERSION = 5.0;
				TARGETED_DEVICE_FAMILY = "1,2";
				TEST_HOST = "$(BUILT_PRODUCTS_DIR)/GoBanka.app/GoBanka";
			};
			name = Release;
		};
		B62C98542345E81800431AE0 /* Debug */ = {
			isa = XCBuildConfiguration;
			baseConfigurationReference = FA4ED92E50BE0F39451A1B22 /* Pods-GoBankaUITests.debug.xcconfig */;
			buildSettings = {
				ALWAYS_EMBED_SWIFT_STANDARD_LIBRARIES = YES;
				CODE_SIGN_STYLE = Automatic;
				INFOPLIST_FILE = GoBankaUITests/Info.plist;
				LD_RUNPATH_SEARCH_PATHS = (
					"$(inherited)",
					"@executable_path/Frameworks",
					"@loader_path/Frameworks",
				);
				PRODUCT_BUNDLE_IDENTIFIER = macco.GoBankaUITests;
				PRODUCT_NAME = "$(TARGET_NAME)";
				SWIFT_VERSION = 5.0;
				TARGETED_DEVICE_FAMILY = "1,2";
				TEST_TARGET_NAME = GoBanka;
			};
			name = Debug;
		};
		B62C98552345E81800431AE0 /* Release */ = {
			isa = XCBuildConfiguration;
			baseConfigurationReference = ADA94FD8355808B935F4D27D /* Pods-GoBankaUITests.release.xcconfig */;
			buildSettings = {
				ALWAYS_EMBED_SWIFT_STANDARD_LIBRARIES = YES;
				CODE_SIGN_STYLE = Automatic;
				INFOPLIST_FILE = GoBankaUITests/Info.plist;
				LD_RUNPATH_SEARCH_PATHS = (
					"$(inherited)",
					"@executable_path/Frameworks",
					"@loader_path/Frameworks",
				);
				PRODUCT_BUNDLE_IDENTIFIER = macco.GoBankaUITests;
				PRODUCT_NAME = "$(TARGET_NAME)";
				SWIFT_VERSION = 5.0;
				TARGETED_DEVICE_FAMILY = "1,2";
				TEST_TARGET_NAME = GoBanka;
			};
			name = Release;
		};
/* End XCBuildConfiguration section */

/* Begin XCConfigurationList section */
		B62C981E2345E81700431AE0 /* Build configuration list for PBXProject "GoBanka" */ = {
			isa = XCConfigurationList;
			buildConfigurations = (
				B62C984B2345E81800431AE0 /* Debug */,
				B62C984C2345E81800431AE0 /* Release */,
			);
			defaultConfigurationIsVisible = 0;
			defaultConfigurationName = Release;
		};
		B62C984D2345E81800431AE0 /* Build configuration list for PBXNativeTarget "GoBanka" */ = {
			isa = XCConfigurationList;
			buildConfigurations = (
				B62C984E2345E81800431AE0 /* Debug */,
				B62C984F2345E81800431AE0 /* Release */,
			);
			defaultConfigurationIsVisible = 0;
			defaultConfigurationName = Release;
		};
		B62C98502345E81800431AE0 /* Build configuration list for PBXNativeTarget "GoBankaTests" */ = {
			isa = XCConfigurationList;
			buildConfigurations = (
				B62C98512345E81800431AE0 /* Debug */,
				B62C98522345E81800431AE0 /* Release */,
			);
			defaultConfigurationIsVisible = 0;
			defaultConfigurationName = Release;
		};
		B62C98532345E81800431AE0 /* Build configuration list for PBXNativeTarget "GoBankaUITests" */ = {
			isa = XCConfigurationList;
			buildConfigurations = (
				B62C98542345E81800431AE0 /* Debug */,
				B62C98552345E81800431AE0 /* Release */,
			);
			defaultConfigurationIsVisible = 0;
			defaultConfigurationName = Release;
		};
/* End XCConfigurationList section */
	};
	rootObject = B62C981B2345E81700431AE0 /* Project object */;
}
